// !$*UTF8*$!
{
	archiveVersion = 1;
	classes = {
	};
	objectVersion = 55;
	objects = {

/* Begin PBXBuildFile section */
		BC5879F128D0C8A8000828A9 /* AppDelegate.swift in Sources */ = {isa = PBXBuildFile; fileRef = BC5879F028D0C8A8000828A9 /* AppDelegate.swift */; };
		BC5879F328D0C8A8000828A9 /* SceneDelegate.swift in Sources */ = {isa = PBXBuildFile; fileRef = BC5879F228D0C8A8000828A9 /* SceneDelegate.swift */; };
		BC5879F528D0C8A8000828A9 /* ViewController.swift in Sources */ = {isa = PBXBuildFile; fileRef = BC5879F428D0C8A8000828A9 /* ViewController.swift */; };
		BC5879F828D0C8A8000828A9 /* Main.storyboard in Resources */ = {isa = PBXBuildFile; fileRef = BC5879F628D0C8A8000828A9 /* Main.storyboard */; };
		BC5879FA28D0C8AF000828A9 /* Assets.xcassets in Resources */ = {isa = PBXBuildFile; fileRef = BC5879F928D0C8AF000828A9 /* Assets.xcassets */; };
		BC5879FD28D0C8AF000828A9 /* LaunchScreen.storyboard in Resources */ = {isa = PBXBuildFile; fileRef = BC5879FB28D0C8AF000828A9 /* LaunchScreen.storyboard */; };
		BC587A0828D0C8AF000828A9 /* NewsAPITests.swift in Sources */ = {isa = PBXBuildFile; fileRef = BC587A0728D0C8AF000828A9 /* NewsAPITests.swift */; };
		BC587A1228D0C8AF000828A9 /* NewsAPIUITests.swift in Sources */ = {isa = PBXBuildFile; fileRef = BC587A1128D0C8AF000828A9 /* NewsAPIUITests.swift */; };
		BC587A1428D0C8AF000828A9 /* NewsAPIUITestsLaunchTests.swift in Sources */ = {isa = PBXBuildFile; fileRef = BC587A1328D0C8AF000828A9 /* NewsAPIUITestsLaunchTests.swift */; };
/* End PBXBuildFile section */

/* Begin PBXContainerItemProxy section */
		BC587A0428D0C8AF000828A9 /* PBXContainerItemProxy */ = {
			isa = PBXContainerItemProxy;
			containerPortal = BC5879E528D0C8A8000828A9 /* Project object */;
			proxyType = 1;
			remoteGlobalIDString = BC5879EC28D0C8A8000828A9;
			remoteInfo = NewsAPI;
		};
		BC587A0E28D0C8AF000828A9 /* PBXContainerItemProxy */ = {
			isa = PBXContainerItemProxy;
			containerPortal = BC5879E528D0C8A8000828A9 /* Project object */;
			proxyType = 1;
			remoteGlobalIDString = BC5879EC28D0C8A8000828A9;
			remoteInfo = NewsAPI;
		};
/* End PBXContainerItemProxy section */

/* Begin PBXFileReference section */
		BC5879ED28D0C8A8000828A9 /* NewsAPI.app */ = {isa = PBXFileReference; explicitFileType = wrapper.application; includeInIndex = 0; path = NewsAPI.app; sourceTree = BUILT_PRODUCTS_DIR; };
		BC5879F028D0C8A8000828A9 /* AppDelegate.swift */ = {isa = PBXFileReference; lastKnownFileType = sourcecode.swift; path = AppDelegate.swift; sourceTree = "<group>"; };
		BC5879F228D0C8A8000828A9 /* SceneDelegate.swift */ = {isa = PBXFileReference; lastKnownFileType = sourcecode.swift; path = SceneDelegate.swift; sourceTree = "<group>"; };
		BC5879F428D0C8A8000828A9 /* ViewController.swift */ = {isa = PBXFileReference; lastKnownFileType = sourcecode.swift; path = ViewController.swift; sourceTree = "<group>"; };
		BC5879F728D0C8A8000828A9 /* Base */ = {isa = PBXFileReference; lastKnownFileType = file.storyboard; name = Base; path = Base.lproj/Main.storyboard; sourceTree = "<group>"; };
		BC5879F928D0C8AF000828A9 /* Assets.xcassets */ = {isa = PBXFileReference; lastKnownFileType = folder.assetcatalog; path = Assets.xcassets; sourceTree = "<group>"; };
		BC5879FC28D0C8AF000828A9 /* Base */ = {isa = PBXFileReference; lastKnownFileType = file.storyboard; name = Base; path = Base.lproj/LaunchScreen.storyboard; sourceTree = "<group>"; };
		BC5879FE28D0C8AF000828A9 /* Info.plist */ = {isa = PBXFileReference; lastKnownFileType = text.plist.xml; path = Info.plist; sourceTree = "<group>"; };
		BC587A0328D0C8AF000828A9 /* NewsAPITests.xctest */ = {isa = PBXFileReference; explicitFileType = wrapper.cfbundle; includeInIndex = 0; path = NewsAPITests.xctest; sourceTree = BUILT_PRODUCTS_DIR; };
		BC587A0728D0C8AF000828A9 /* NewsAPITests.swift */ = {isa = PBXFileReference; lastKnownFileType = sourcecode.swift; path = NewsAPITests.swift; sourceTree = "<group>"; };
		BC587A0D28D0C8AF000828A9 /* NewsAPIUITests.xctest */ = {isa = PBXFileReference; explicitFileType = wrapper.cfbundle; includeInIndex = 0; path = NewsAPIUITests.xctest; sourceTree = BUILT_PRODUCTS_DIR; };
		BC587A1128D0C8AF000828A9 /* NewsAPIUITests.swift */ = {isa = PBXFileReference; lastKnownFileType = sourcecode.swift; path = NewsAPIUITests.swift; sourceTree = "<group>"; };
		BC587A1328D0C8AF000828A9 /* NewsAPIUITestsLaunchTests.swift */ = {isa = PBXFileReference; lastKnownFileType = sourcecode.swift; path = NewsAPIUITestsLaunchTests.swift; sourceTree = "<group>"; };
/* End PBXFileReference section */

/* Begin PBXFrameworksBuildPhase section */
		BC5879EA28D0C8A8000828A9 /* Frameworks */ = {
			isa = PBXFrameworksBuildPhase;
			buildActionMask = 2147483647;
			files = (
			);
			runOnlyForDeploymentPostprocessing = 0;
		};
		BC587A0028D0C8AF000828A9 /* Frameworks */ = {
			isa = PBXFrameworksBuildPhase;
			buildActionMask = 2147483647;
			files = (
			);
			runOnlyForDeploymentPostprocessing = 0;
		};
		BC587A0A28D0C8AF000828A9 /* Frameworks */ = {
			isa = PBXFrameworksBuildPhase;
			buildActionMask = 2147483647;
			files = (
			);
			runOnlyForDeploymentPostprocessing = 0;
		};
/* End PBXFrameworksBuildPhase section */

/* Begin PBXGroup section */
		BC5879E428D0C8A8000828A9 = {
			isa = PBXGroup;
			children = (
				BC5879EF28D0C8A8000828A9 /* NewsAPI */,
				BC587A0628D0C8AF000828A9 /* NewsAPITests */,
				BC587A1028D0C8AF000828A9 /* NewsAPIUITests */,
				BC5879EE28D0C8A8000828A9 /* Products */,
			);
			sourceTree = "<group>";
		};
		BC5879EE28D0C8A8000828A9 /* Products */ = {
			isa = PBXGroup;
			children = (
				BC5879ED28D0C8A8000828A9 /* NewsAPI.app */,
				BC587A0328D0C8AF000828A9 /* NewsAPITests.xctest */,
				BC587A0D28D0C8AF000828A9 /* NewsAPIUITests.xctest */,
			);
			name = Products;
			sourceTree = "<group>";
		};
		BC5879EF28D0C8A8000828A9 /* NewsAPI */ = {
			isa = PBXGroup;
			children = (
				BC5879F028D0C8A8000828A9 /* AppDelegate.swift */,
				BC5879F228D0C8A8000828A9 /* SceneDelegate.swift */,
				BC5879F428D0C8A8000828A9 /* ViewController.swift */,
				BC5879F628D0C8A8000828A9 /* Main.storyboard */,
				BC5879F928D0C8AF000828A9 /* Assets.xcassets */,
				BC5879FB28D0C8AF000828A9 /* LaunchScreen.storyboard */,
				BC5879FE28D0C8AF000828A9 /* Info.plist */,
			);
			path = NewsAPI;
			sourceTree = "<group>";
		};
		BC587A0628D0C8AF000828A9 /* NewsAPITests */ = {
			isa = PBXGroup;
			children = (
				BC587A0728D0C8AF000828A9 /* NewsAPITests.swift */,
			);
			path = NewsAPITests;
			sourceTree = "<group>";
		};
		BC587A1028D0C8AF000828A9 /* NewsAPIUITests */ = {
			isa = PBXGroup;
			children = (
				BC587A1128D0C8AF000828A9 /* NewsAPIUITests.swift */,
				BC587A1328D0C8AF000828A9 /* NewsAPIUITestsLaunchTests.swift */,
			);
			path = NewsAPIUITests;
			sourceTree = "<group>";
		};
/* End PBXGroup section */

/* Begin PBXNativeTarget section */
		BC5879EC28D0C8A8000828A9 /* NewsAPI */ = {
			isa = PBXNativeTarget;
			buildConfigurationList = BC587A1728D0C8AF000828A9 /* Build configuration list for PBXNativeTarget "NewsAPI" */;
			buildPhases = (
				BC5879E928D0C8A8000828A9 /* Sources */,
				BC5879EA28D0C8A8000828A9 /* Frameworks */,
				BC5879EB28D0C8A8000828A9 /* Resources */,
			);
			buildRules = (
			);
			dependencies = (
			);
			name = NewsAPI;
			productName = NewsAPI;
			productReference = BC5879ED28D0C8A8000828A9 /* NewsAPI.app */;
			productType = "com.apple.product-type.application";
		};
		BC587A0228D0C8AF000828A9 /* NewsAPITests */ = {
			isa = PBXNativeTarget;
			buildConfigurationList = BC587A1A28D0C8AF000828A9 /* Build configuration list for PBXNativeTarget "NewsAPITests" */;
			buildPhases = (
				BC5879FF28D0C8AF000828A9 /* Sources */,
				BC587A0028D0C8AF000828A9 /* Frameworks */,
				BC587A0128D0C8AF000828A9 /* Resources */,
			);
			buildRules = (
			);
			dependencies = (
				BC587A0528D0C8AF000828A9 /* PBXTargetDependency */,
			);
			name = NewsAPITests;
			productName = NewsAPITests;
			productReference = BC587A0328D0C8AF000828A9 /* NewsAPITests.xctest */;
			productType = "com.apple.product-type.bundle.unit-test";
		};
		BC587A0C28D0C8AF000828A9 /* NewsAPIUITests */ = {
			isa = PBXNativeTarget;
			buildConfigurationList = BC587A1D28D0C8AF000828A9 /* Build configuration list for PBXNativeTarget "NewsAPIUITests" */;
			buildPhases = (
				BC587A0928D0C8AF000828A9 /* Sources */,
				BC587A0A28D0C8AF000828A9 /* Frameworks */,
				BC587A0B28D0C8AF000828A9 /* Resources */,
			);
			buildRules = (
			);
			dependencies = (
				BC587A0F28D0C8AF000828A9 /* PBXTargetDependency */,
			);
			name = NewsAPIUITests;
			productName = NewsAPIUITests;
			productReference = BC587A0D28D0C8AF000828A9 /* NewsAPIUITests.xctest */;
			productType = "com.apple.product-type.bundle.ui-testing";
		};
/* End PBXNativeTarget section */

/* Begin PBXProject section */
		BC5879E528D0C8A8000828A9 /* Project object */ = {
			isa = PBXProject;
			attributes = {
				BuildIndependentTargetsInParallel = 1;
				LastSwiftUpdateCheck = 1340;
				LastUpgradeCheck = 1340;
				TargetAttributes = {
					BC5879EC28D0C8A8000828A9 = {
						CreatedOnToolsVersion = 13.4.1;
					};
					BC587A0228D0C8AF000828A9 = {
						CreatedOnToolsVersion = 13.4.1;
						TestTargetID = BC5879EC28D0C8A8000828A9;
					};
					BC587A0C28D0C8AF000828A9 = {
						CreatedOnToolsVersion = 13.4.1;
						TestTargetID = BC5879EC28D0C8A8000828A9;
					};
				};
			};
			buildConfigurationList = BC5879E828D0C8A8000828A9 /* Build configuration list for PBXProject "NewsAPI" */;
			compatibilityVersion = "Xcode 13.0";
			developmentRegion = en;
			hasScannedForEncodings = 0;
			knownRegions = (
				en,
				Base,
			);
			mainGroup = BC5879E428D0C8A8000828A9;
			productRefGroup = BC5879EE28D0C8A8000828A9 /* Products */;
			projectDirPath = "";
			projectRoot = "";
			targets = (
				BC5879EC28D0C8A8000828A9 /* NewsAPI */,
				BC587A0228D0C8AF000828A9 /* NewsAPITests */,
				BC587A0C28D0C8AF000828A9 /* NewsAPIUITests */,
			);
		};
/* End PBXProject section */

/* Begin PBXResourcesBuildPhase section */
		BC5879EB28D0C8A8000828A9 /* Resources */ = {
			isa = PBXResourcesBuildPhase;
			buildActionMask = 2147483647;
			files = (
				BC5879FD28D0C8AF000828A9 /* LaunchScreen.storyboard in Resources */,
				BC5879FA28D0C8AF000828A9 /* Assets.xcassets in Resources */,
				BC5879F828D0C8A8000828A9 /* Main.storyboard in Resources */,
			);
			runOnlyForDeploymentPostprocessing = 0;
		};
		BC587A0128D0C8AF000828A9 /* Resources */ = {
			isa = PBXResourcesBuildPhase;
			buildActionMask = 2147483647;
			files = (
			);
			runOnlyForDeploymentPostprocessing = 0;
		};
		BC587A0B28D0C8AF000828A9 /* Resources */ = {
			isa = PBXResourcesBuildPhase;
			buildActionMask = 2147483647;
			files = (
			);
			runOnlyForDeploymentPostprocessing = 0;
		};
/* End PBXResourcesBuildPhase section */

/* Begin PBXSourcesBuildPhase section */
		BC5879E928D0C8A8000828A9 /* Sources */ = {
			isa = PBXSourcesBuildPhase;
			buildActionMask = 2147483647;
			files = (
				BC5879F528D0C8A8000828A9 /* ViewController.swift in Sources */,
				BC5879F128D0C8A8000828A9 /* AppDelegate.swift in Sources */,
				BC5879F328D0C8A8000828A9 /* SceneDelegate.swift in Sources */,
			);
			runOnlyForDeploymentPostprocessing = 0;
		};
		BC5879FF28D0C8AF000828A9 /* Sources */ = {
			isa = PBXSourcesBuildPhase;
			buildActionMask = 2147483647;
			files = (
				BC587A0828D0C8AF000828A9 /* NewsAPITests.swift in Sources */,
			);
			runOnlyForDeploymentPostprocessing = 0;
		};
		BC587A0928D0C8AF000828A9 /* Sources */ = {
			isa = PBXSourcesBuildPhase;
			buildActionMask = 2147483647;
			files = (
				BC587A1428D0C8AF000828A9 /* NewsAPIUITestsLaunchTests.swift in Sources */,
				BC587A1228D0C8AF000828A9 /* NewsAPIUITests.swift in Sources */,
			);
			runOnlyForDeploymentPostprocessing = 0;
		};
/* End PBXSourcesBuildPhase section */

/* Begin PBXTargetDependency section */
		BC587A0528D0C8AF000828A9 /* PBXTargetDependency */ = {
			isa = PBXTargetDependency;
			target = BC5879EC28D0C8A8000828A9 /* NewsAPI */;
			targetProxy = BC587A0428D0C8AF000828A9 /* PBXContainerItemProxy */;
		};
		BC587A0F28D0C8AF000828A9 /* PBXTargetDependency */ = {
			isa = PBXTargetDependency;
			target = BC5879EC28D0C8A8000828A9 /* NewsAPI */;
			targetProxy = BC587A0E28D0C8AF000828A9 /* PBXContainerItemProxy */;
		};
/* End PBXTargetDependency section */

/* Begin PBXVariantGroup section */
		BC5879F628D0C8A8000828A9 /* Main.storyboard */ = {
			isa = PBXVariantGroup;
			children = (
				BC5879F728D0C8A8000828A9 /* Base */,
			);
			name = Main.storyboard;
			sourceTree = "<group>";
		};
		BC5879FB28D0C8AF000828A9 /* LaunchScreen.storyboard */ = {
			isa = PBXVariantGroup;
			children = (
				BC5879FC28D0C8AF000828A9 /* Base */,
			);
			name = LaunchScreen.storyboard;
			sourceTree = "<group>";
		};
/* End PBXVariantGroup section */

/* Begin XCBuildConfiguration section */
		BC587A1528D0C8AF000828A9 /* Debug */ = {
			isa = XCBuildConfiguration;
			buildSettings = {
				ALWAYS_SEARCH_USER_PATHS = NO;
				CLANG_ANALYZER_NONNULL = YES;
				CLANG_ANALYZER_NUMBER_OBJECT_CONVERSION = YES_AGGRESSIVE;
				CLANG_CXX_LANGUAGE_STANDARD = "gnu++17";
				CLANG_ENABLE_MODULES = YES;
				CLANG_ENABLE_OBJC_ARC = YES;
				CLANG_ENABLE_OBJC_WEAK = YES;
				CLANG_WARN_BLOCK_CAPTURE_AUTORELEASING = YES;
				CLANG_WARN_BOOL_CONVERSION = YES;
				CLANG_WARN_COMMA = YES;
				CLANG_WARN_CONSTANT_CONVERSION = YES;
				CLANG_WARN_DEPRECATED_OBJC_IMPLEMENTATIONS = YES;
				CLANG_WARN_DIRECT_OBJC_ISA_USAGE = YES_ERROR;
				CLANG_WARN_DOCUMENTATION_COMMENTS = YES;
				CLANG_WARN_EMPTY_BODY = YES;
				CLANG_WARN_ENUM_CONVERSION = YES;
				CLANG_WARN_INFINITE_RECURSION = YES;
				CLANG_WARN_INT_CONVERSION = YES;
				CLANG_WARN_NON_LITERAL_NULL_CONVERSION = YES;
				CLANG_WARN_OBJC_IMPLICIT_RETAIN_SELF = YES;
				CLANG_WARN_OBJC_LITERAL_CONVERSION = YES;
				CLANG_WARN_OBJC_ROOT_CLASS = YES_ERROR;
				CLANG_WARN_QUOTED_INCLUDE_IN_FRAMEWORK_HEADER = YES;
				CLANG_WARN_RANGE_LOOP_ANALYSIS = YES;
				CLANG_WARN_STRICT_PROTOTYPES = YES;
				CLANG_WARN_SUSPICIOUS_MOVE = YES;
				CLANG_WARN_UNGUARDED_AVAILABILITY = YES_AGGRESSIVE;
				CLANG_WARN_UNREACHABLE_CODE = YES;
				CLANG_WARN__DUPLICATE_METHOD_MATCH = YES;
				COPY_PHASE_STRIP = NO;
				DEBUG_INFORMATION_FORMAT = dwarf;
				ENABLE_STRICT_OBJC_MSGSEND = YES;
				ENABLE_TESTABILITY = YES;
				GCC_C_LANGUAGE_STANDARD = gnu11;
				GCC_DYNAMIC_NO_PIC = NO;
				GCC_NO_COMMON_BLOCKS = YES;
				GCC_OPTIMIZATION_LEVEL = 0;
				GCC_PREPROCESSOR_DEFINITIONS = (
					"DEBUG=1",
					"$(inherited)",
				);
				GCC_WARN_64_TO_32_BIT_CONVERSION = YES;
				GCC_WARN_ABOUT_RETURN_TYPE = YES_ERROR;
				GCC_WARN_UNDECLARED_SELECTOR = YES;
				GCC_WARN_UNINITIALIZED_AUTOS = YES_AGGRESSIVE;
				GCC_WARN_UNUSED_FUNCTION = YES;
				GCC_WARN_UNUSED_VARIABLE = YES;
				IPHONEOS_DEPLOYMENT_TARGET = 15.5;
				MTL_ENABLE_DEBUG_INFO = INCLUDE_SOURCE;
				MTL_FAST_MATH = YES;
				ONLY_ACTIVE_ARCH = YES;
				SDKROOT = iphoneos;
				SWIFT_ACTIVE_COMPILATION_CONDITIONS = DEBUG;
				SWIFT_OPTIMIZATION_LEVEL = "-Onone";
			};
			name = Debug;
		};
		BC587A1628D0C8AF000828A9 /* Release */ = {
			isa = XCBuildConfiguration;
			buildSettings = {
				ALWAYS_SEARCH_USER_PATHS = NO;
				CLANG_ANALYZER_NONNULL = YES;
				CLANG_ANALYZER_NUMBER_OBJECT_CONVERSION = YES_AGGRESSIVE;
				CLANG_CXX_LANGUAGE_STANDARD = "gnu++17";
				CLANG_ENABLE_MODULES = YES;
				CLANG_ENABLE_OBJC_ARC = YES;
				CLANG_ENABLE_OBJC_WEAK = YES;
				CLANG_WARN_BLOCK_CAPTURE_AUTORELEASING = YES;
				CLANG_WARN_BOOL_CONVERSION = YES;
				CLANG_WARN_COMMA = YES;
				CLANG_WARN_CONSTANT_CONVERSION = YES;
				CLANG_WARN_DEPRECATED_OBJC_IMPLEMENTATIONS = YES;
				CLANG_WARN_DIRECT_OBJC_ISA_USAGE = YES_ERROR;
				CLANG_WARN_DOCUMENTATION_COMMENTS = YES;
				CLANG_WARN_EMPTY_BODY = YES;
				CLANG_WARN_ENUM_CONVERSION = YES;
				CLANG_WARN_INFINITE_RECURSION = YES;
				CLANG_WARN_INT_CONVERSION = YES;
				CLANG_WARN_NON_LITERAL_NULL_CONVERSION = YES;
				CLANG_WARN_OBJC_IMPLICIT_RETAIN_SELF = YES;
				CLANG_WARN_OBJC_LITERAL_CONVERSION = YES;
				CLANG_WARN_OBJC_ROOT_CLASS = YES_ERROR;
				CLANG_WARN_QUOTED_INCLUDE_IN_FRAMEWORK_HEADER = YES;
				CLANG_WARN_RANGE_LOOP_ANALYSIS = YES;
				CLANG_WARN_STRICT_PROTOTYPES = YES;
				CLANG_WARN_SUSPICIOUS_MOVE = YES;
				CLANG_WARN_UNGUARDED_AVAILABILITY = YES_AGGRESSIVE;
				CLANG_WARN_UNREACHABLE_CODE = YES;
				CLANG_WARN__DUPLICATE_METHOD_MATCH = YES;
				COPY_PHASE_STRIP = NO;
				DEBUG_INFORMATION_FORMAT = "dwarf-with-dsym";
				ENABLE_NS_ASSERTIONS = NO;
				ENABLE_STRICT_OBJC_MSGSEND = YES;
				GCC_C_LANGUAGE_STANDARD = gnu11;
				GCC_NO_COMMON_BLOCKS = YES;
				GCC_WARN_64_TO_32_BIT_CONVERSION = YES;
				GCC_WARN_ABOUT_RETURN_TYPE = YES_ERROR;
				GCC_WARN_UNDECLARED_SELECTOR = YES;
				GCC_WARN_UNINITIALIZED_AUTOS = YES_AGGRESSIVE;
				GCC_WARN_UNUSED_FUNCTION = YES;
				GCC_WARN_UNUSED_VARIABLE = YES;
				IPHONEOS_DEPLOYMENT_TARGET = 15.5;
				MTL_ENABLE_DEBUG_INFO = NO;
				MTL_FAST_MATH = YES;
				SDKROOT = iphoneos;
				SWIFT_COMPILATION_MODE = wholemodule;
				SWIFT_OPTIMIZATION_LEVEL = "-O";
				VALIDATE_PRODUCT = YES;
			};
			name = Release;
		};
		BC587A1828D0C8AF000828A9 /* Debug */ = {
			isa = XCBuildConfiguration;
			buildSettings = {
				ASSETCATALOG_COMPILER_APPICON_NAME = AppIcon;
				ASSETCATALOG_COMPILER_GLOBAL_ACCENT_COLOR_NAME = AccentColor;
				CODE_SIGN_STYLE = Automatic;
				CURRENT_PROJECT_VERSION = 1;
				DEVELOPMENT_TEAM = 9Z48JZ46F2;
				GENERATE_INFOPLIST_FILE = YES;
				INFOPLIST_FILE = NewsAPI/Info.plist;
				INFOPLIST_KEY_UIApplicationSupportsIndirectInputEvents = YES;
				INFOPLIST_KEY_UILaunchStoryboardName = LaunchScreen;
				INFOPLIST_KEY_UIMainStoryboardFile = Main;
				INFOPLIST_KEY_UISupportedInterfaceOrientations_iPad = "UIInterfaceOrientationPortrait UIInterfaceOrientationPortraitUpsideDown UIInterfaceOrientationLandscapeLeft UIInterfaceOrientationLandscapeRight";
				INFOPLIST_KEY_UISupportedInterfaceOrientations_iPhone = "UIInterfaceOrientationPortrait UIInterfaceOrientationLandscapeLeft UIInterfaceOrientationLandscapeRight";
				LD_RUNPATH_SEARCH_PATHS = (
					"$(inherited)",
					"@executable_path/Frameworks",
				);
				MARKETING_VERSION = 1.0;
				PRODUCT_BUNDLE_IDENTIFIER = com.cenkbahadircark.NewsAPI;
				PRODUCT_NAME = "$(TARGET_NAME)";
				SWIFT_EMIT_LOC_STRINGS = YES;
				SWIFT_VERSION = 5.0;
				TARGETED_DEVICE_FAMILY = "1,2";
			};
			name = Debug;
		};
		BC587A1928D0C8AF000828A9 /* Release */ = {
			isa = XCBuildConfiguration;
			buildSettings = {
				ASSETCATALOG_COMPILER_APPICON_NAME = AppIcon;
				ASSETCATALOG_COMPILER_GLOBAL_ACCENT_COLOR_NAME = AccentColor;
				CODE_SIGN_STYLE = Automatic;
				CURRENT_PROJECT_VERSION = 1;
				DEVELOPMENT_TEAM = 9Z48JZ46F2;
				GENERATE_INFOPLIST_FILE = YES;
				INFOPLIST_FILE = NewsAPI/Info.plist;
				INFOPLIST_KEY_UIApplicationSupportsIndirectInputEvents = YES;
				INFOPLIST_KEY_UILaunchStoryboardName = LaunchScreen;
				INFOPLIST_KEY_UIMainStoryboardFile = Main;
				INFOPLIST_KEY_UISupportedInterfaceOrientations_iPad = "UIInterfaceOrientationPortrait UIInterfaceOrientationPortraitUpsideDown UIInterfaceOrientationLandscapeLeft UIInterfaceOrientationLandscapeRight";
				INFOPLIST_KEY_UISupportedInterfaceOrientations_iPhone = "UIInterfaceOrientationPortrait UIInterfaceOrientationLandscapeLeft UIInterfaceOrientationLandscapeRight";
				LD_RUNPATH_SEARCH_PATHS = (
					"$(inherited)",
					"@executable_path/Frameworks",
				);
				MARKETING_VERSION = 1.0;
				PRODUCT_BUNDLE_IDENTIFIER = com.cenkbahadircark.NewsAPI;
				PRODUCT_NAME = "$(TARGET_NAME)";
				SWIFT_EMIT_LOC_STRINGS = YES;
				SWIFT_VERSION = 5.0;
				TARGETED_DEVICE_FAMILY = "1,2";
			};
			name = Release;
		};
		BC587A1B28D0C8AF000828A9 /* Debug */ = {
			isa = XCBuildConfiguration;
			buildSettings = {
				ALWAYS_EMBED_SWIFT_STANDARD_LIBRARIES = YES;
				BUNDLE_LOADER = "$(TEST_HOST)";
				CODE_SIGN_STYLE = Automatic;
				CURRENT_PROJECT_VERSION = 1;
				DEVELOPMENT_TEAM = 9Z48JZ46F2;
				GENERATE_INFOPLIST_FILE = YES;
				IPHONEOS_DEPLOYMENT_TARGET = 15.5;
				MARKETING_VERSION = 1.0;
				PRODUCT_BUNDLE_IDENTIFIER = com.cenkbahadircark.NewsAPITests;
				PRODUCT_NAME = "$(TARGET_NAME)";
				SWIFT_EMIT_LOC_STRINGS = NO;
				SWIFT_VERSION = 5.0;
				TARGETED_DEVICE_FAMILY = "1,2";
				TEST_HOST = "$(BUILT_PRODUCTS_DIR)/NewsAPI.app/NewsAPI";
			};
			name = Debug;
		};
		BC587A1C28D0C8AF000828A9 /* Release */ = {
			isa = XCBuildConfiguration;
			buildSettings = {
				ALWAYS_EMBED_SWIFT_STANDARD_LIBRARIES = YES;
				BUNDLE_LOADER = "$(TEST_HOST)";
				CODE_SIGN_STYLE = Automatic;
				CURRENT_PROJECT_VERSION = 1;
				DEVELOPMENT_TEAM = 9Z48JZ46F2;
				GENERATE_INFOPLIST_FILE = YES;
				IPHONEOS_DEPLOYMENT_TARGET = 15.5;
				MARKETING_VERSION = 1.0;
				PRODUCT_BUNDLE_IDENTIFIER = com.cenkbahadircark.NewsAPITests;
				PRODUCT_NAME = "$(TARGET_NAME)";
				SWIFT_EMIT_LOC_STRINGS = NO;
				SWIFT_VERSION = 5.0;
				TARGETED_DEVICE_FAMILY = "1,2";
				TEST_HOST = "$(BUILT_PRODUCTS_DIR)/NewsAPI.app/NewsAPI";
			};
			name = Release;
		};
		BC587A1E28D0C8AF000828A9 /* Debug */ = {
			isa = XCBuildConfiguration;
			buildSettings = {
				ALWAYS_EMBED_SWIFT_STANDARD_LIBRARIES = YES;
				CODE_SIGN_STYLE = Automatic;
				CURRENT_PROJECT_VERSION = 1;
				DEVELOPMENT_TEAM = 9Z48JZ46F2;
				GENERATE_INFOPLIST_FILE = YES;
				MARKETING_VERSION = 1.0;
				PRODUCT_BUNDLE_IDENTIFIER = com.cenkbahadircark.NewsAPIUITests;
				PRODUCT_NAME = "$(TARGET_NAME)";
				SWIFT_EMIT_LOC_STRINGS = NO;
				SWIFT_VERSION = 5.0;
				TARGETED_DEVICE_FAMILY = "1,2";
				TEST_TARGET_NAME = NewsAPI;
			};
			name = Debug;
		};
		BC587A1F28D0C8AF000828A9 /* Release */ = {
			isa = XCBuildConfiguration;
			buildSettings = {
				ALWAYS_EMBED_SWIFT_STANDARD_LIBRARIES = YES;
				CODE_SIGN_STYLE = Automatic;
				CURRENT_PROJECT_VERSION = 1;
				DEVELOPMENT_TEAM = 9Z48JZ46F2;
				GENERATE_INFOPLIST_FILE = YES;
				MARKETING_VERSION = 1.0;
				PRODUCT_BUNDLE_IDENTIFIER = com.cenkbahadircark.NewsAPIUITests;
				PRODUCT_NAME = "$(TARGET_NAME)";
				SWIFT_EMIT_LOC_STRINGS = NO;
				SWIFT_VERSION = 5.0;
				TARGETED_DEVICE_FAMILY = "1,2";
				TEST_TARGET_NAME = NewsAPI;
			};
			name = Release;
		};
/* End XCBuildConfiguration section */

/* Begin XCConfigurationList section */
		BC5879E828D0C8A8000828A9 /* Build configuration list for PBXProject "NewsAPI" */ = {
			isa = XCConfigurationList;
			buildConfigurations = (
				BC587A1528D0C8AF000828A9 /* Debug */,
				BC587A1628D0C8AF000828A9 /* Release */,
			);
			defaultConfigurationIsVisible = 0;
			defaultConfigurationName = Release;
		};
		BC587A1728D0C8AF000828A9 /* Build configuration list for PBXNativeTarget "NewsAPI" */ = {
			isa = XCConfigurationList;
			buildConfigurations = (
				BC587A1828D0C8AF000828A9 /* Debug */,
				BC587A1928D0C8AF000828A9 /* Release */,
			);
			defaultConfigurationIsVisible = 0;
			defaultConfigurationName = Release;
		};
		BC587A1A28D0C8AF000828A9 /* Build configuration list for PBXNativeTarget "NewsAPITests" */ = {
			isa = XCConfigurationList;
			buildConfigurations = (
				BC587A1B28D0C8AF000828A9 /* Debug */,
				BC587A1C28D0C8AF000828A9 /* Release */,
			);
			defaultConfigurationIsVisible = 0;
			defaultConfigurationName = Release;
		};
		BC587A1D28D0C8AF000828A9 /* Build configuration list for PBXNativeTarget "NewsAPIUITests" */ = {
			isa = XCConfigurationList;
			buildConfigurations = (
				BC587A1E28D0C8AF000828A9 /* Debug */,
				BC587A1F28D0C8AF000828A9 /* Release */,
			);
			defaultConfigurationIsVisible = 0;
			defaultConfigurationName = Release;
		};
/* End XCConfigurationList section */
	};
	rootObject = BC5879E528D0C8A8000828A9 /* Project object */;
}
